
Microsoft Visual Studio Solution File, Format Version 12.00
# Visual Studio Version 17
VisualStudioVersion = 17.14.36511.14 d17.14
MinimumVisualStudioVersion = 10.0.40219.1
Project("{FAE04EC0-301F-11D3-BF4B-00C04F79EFBC}") = "week3practical", "week3practical\week3practical.csproj", "{689AA45F-A70F-4485-B2AC-A81852F09099}"
EndProject
Global
	GlobalSection(SolutionConfigurationPlatforms) = preSolution
		Debug|Any CPU = Debug|Any CPU
		Release|Any CPU = Release|Any CPU
	EndGlobalSection
	GlobalSection(ProjectConfigurationPlatforms) = postSolution
		{689AA45F-A70F-4485-B2AC-A81852F09099}.Debug|Any CPU.ActiveCfg = Debug|Any CPU
		{689AA45F-A70F-4485-B2AC-A81852F09099}.Debug|Any CPU.Build.0 = Debug|Any CPU
		{689AA45F-A70F-4485-B2AC-A81852F09099}.Release|Any CPU.ActiveCfg = Release|Any CPU
		{689AA45F-A70F-4485-B2AC-A81852F09099}.Release|Any CPU.Build.0 = Release|Any CPU
	EndGlobalSection
	GlobalSection(SolutionProperties) = preSolution
		HideSolutionNode = FALSE
	EndGlobalSection
	GlobalSection(ExtensibilityGlobals) = postSolution
		SolutionGuid = {B4BBB3FA-1CC8-43FE-9004-62E007BCF37A}
	EndGlobalSection
EndGlobal
